// !$*UTF8*$!
{
	archiveVersion = 1;
	classes = {
	};
	objectVersion = 46;
	objects = {

/* Begin PBXBuildFile section */
		F525B74F1BDDCDEA0035BEEB /* AppDelegate.swift in Sources */ = {isa = PBXBuildFile; fileRef = F525B74E1BDDCDEA0035BEEB /* AppDelegate.swift */; };
		F525B7511BDDCDEA0035BEEB /* RecordSounViewController.swift in Sources */ = {isa = PBXBuildFile; fileRef = F525B7501BDDCDEA0035BEEB /* RecordSounViewController.swift */; };
		F525B7541BDDCDEA0035BEEB /* Main.storyboard in Resources */ = {isa = PBXBuildFile; fileRef = F525B7521BDDCDEA0035BEEB /* Main.storyboard */; };
		F525B7591BDDCDEA0035BEEB /* LaunchScreen.xib in Resources */ = {isa = PBXBuildFile; fileRef = F525B7571BDDCDEA0035BEEB /* LaunchScreen.xib */; };
		F525B7651BDDCDEA0035BEEB /* Rec2Tests.swift in Sources */ = {isa = PBXBuildFile; fileRef = F525B7641BDDCDEA0035BEEB /* Rec2Tests.swift */; };
		F525B76F1BDDCEB10035BEEB /* MIC-3.png in Resources */ = {isa = PBXBuildFile; fileRef = F525B76E1BDDCEB10035BEEB /* MIC-3.png */; };
		F525B7711BDDD04F0035BEEB /* mic.png in Resources */ = {isa = PBXBuildFile; fileRef = F525B7701BDDD04F0035BEEB /* mic.png */; };
		F54B1F101BDE9E2C00FAC9F6 /* Images.xcassets in Resources */ = {isa = PBXBuildFile; fileRef = F54B1F0F1BDE9E2C00FAC9F6 /* Images.xcassets */; };
		F56178771BDEBFB100D75BEB /* PlaySoundViewController.swift in Sources */ = {isa = PBXBuildFile; fileRef = F56178761BDEBFB100D75BEB /* PlaySoundViewController.swift */; };
		F56178791BDEC48900D75BEB /* Hole.aiff in Resources */ = {isa = PBXBuildFile; fileRef = F56178781BDEC48900D75BEB /* Hole.aiff */; };
		F561787B1BDF1C7300D75BEB /* RecordedAudio.swift in Sources */ = {isa = PBXBuildFile; fileRef = F561787A1BDF1C7300D75BEB /* RecordedAudio.swift */; };
/* End PBXBuildFile section */

/* Begin PBXContainerItemProxy section */
		F525B75F1BDDCDEA0035BEEB /* PBXContainerItemProxy */ = {
			isa = PBXContainerItemProxy;
			containerPortal = F525B7411BDDCDEA0035BEEB /* Project object */;
			proxyType = 1;
			remoteGlobalIDString = F525B7481BDDCDEA0035BEEB;
			remoteInfo = Rec2;
		};
/* End PBXContainerItemProxy section */

/* Begin PBXFileReference section */
		F525B7491BDDCDEA0035BEEB /* Rec2.app */ = {isa = PBXFileReference; explicitFileType = wrapper.application; includeInIndex = 0; path = Rec2.app; sourceTree = BUILT_PRODUCTS_DIR; };
		F525B74D1BDDCDEA0035BEEB /* Info.plist */ = {isa = PBXFileReference; lastKnownFileType = text.plist.xml; path = Info.plist; sourceTree = "<group>"; };
		F525B74E1BDDCDEA0035BEEB /* AppDelegate.swift */ = {isa = PBXFileReference; lastKnownFileType = sourcecode.swift; path = AppDelegate.swift; sourceTree = "<group>"; };
		F525B7501BDDCDEA0035BEEB /* RecordSounViewController.swift */ = {isa = PBXFileReference; lastKnownFileType = sourcecode.swift; path = RecordSounViewController.swift; sourceTree = "<group>"; };
		F525B7531BDDCDEA0035BEEB /* Base */ = {isa = PBXFileReference; lastKnownFileType = file.storyboard; name = Base; path = Base.lproj/Main.storyboard; sourceTree = "<group>"; };
		F525B7581BDDCDEA0035BEEB /* Base */ = {isa = PBXFileReference; lastKnownFileType = file.xib; name = Base; path = Base.lproj/LaunchScreen.xib; sourceTree = "<group>"; };
		F525B75E1BDDCDEA0035BEEB /* Rec2Tests.xctest */ = {isa = PBXFileReference; explicitFileType = wrapper.cfbundle; includeInIndex = 0; path = Rec2Tests.xctest; sourceTree = BUILT_PRODUCTS_DIR; };
		F525B7631BDDCDEA0035BEEB /* Info.plist */ = {isa = PBXFileReference; lastKnownFileType = text.plist.xml; path = Info.plist; sourceTree = "<group>"; };
		F525B7641BDDCDEA0035BEEB /* Rec2Tests.swift */ = {isa = PBXFileReference; lastKnownFileType = sourcecode.swift; path = Rec2Tests.swift; sourceTree = "<group>"; };
		F525B76E1BDDCEB10035BEEB /* MIC-3.png */ = {isa = PBXFileReference; lastKnownFileType = image.png; path = "MIC-3.png"; sourceTree = "<group>"; };
		F525B7701BDDD04F0035BEEB /* mic.png */ = {isa = PBXFileReference; lastKnownFileType = image.png; path = mic.png; sourceTree = "<group>"; };
		F54B1F0F1BDE9E2C00FAC9F6 /* Images.xcassets */ = {isa = PBXFileReference; lastKnownFileType = folder.assetcatalog; path = Images.xcassets; sourceTree = "<group>"; };
		F56178761BDEBFB100D75BEB /* PlaySoundViewController.swift */ = {isa = PBXFileReference; fileEncoding = 4; lastKnownFileType = sourcecode.swift; path = PlaySoundViewController.swift; sourceTree = "<group>"; };
		F56178781BDEC48900D75BEB /* Hole.aiff */ = {isa = PBXFileReference; lastKnownFileType = audio.aiff; path = Hole.aiff; sourceTree = "<group>"; };
		F561787A1BDF1C7300D75BEB /* RecordedAudio.swift */ = {isa = PBXFileReference; fileEncoding = 4; lastKnownFileType = sourcecode.swift; path = RecordedAudio.swift; sourceTree = "<group>"; };
/* End PBXFileReference section */

/* Begin PBXFrameworksBuildPhase section */
		F525B7461BDDCDEA0035BEEB /* Frameworks */ = {
			isa = PBXFrameworksBuildPhase;
			buildActionMask = 2147483647;
			files = (
			);
			runOnlyForDeploymentPostprocessing = 0;
		};
		F525B75B1BDDCDEA0035BEEB /* Frameworks */ = {
			isa = PBXFrameworksBuildPhase;
			buildActionMask = 2147483647;
			files = (
			);
			runOnlyForDeploymentPostprocessing = 0;
		};
/* End PBXFrameworksBuildPhase section */

/* Begin PBXGroup section */
		F525B7401BDDCDEA0035BEEB = {
			isa = PBXGroup;
			children = (
				F525B74B1BDDCDEA0035BEEB /* Rec2 */,
				F525B7611BDDCDEA0035BEEB /* Rec2Tests */,
				F525B74A1BDDCDEA0035BEEB /* Products */,
			);
			sourceTree = "<group>";
		};
		F525B74A1BDDCDEA0035BEEB /* Products */ = {
			isa = PBXGroup;
			children = (
				F525B7491BDDCDEA0035BEEB /* Rec2.app */,
				F525B75E1BDDCDEA0035BEEB /* Rec2Tests.xctest */,
			);
			name = Products;
			sourceTree = "<group>";
		};
		F525B74B1BDDCDEA0035BEEB /* Rec2 */ = {
			isa = PBXGroup;
			children = (
				F56178761BDEBFB100D75BEB /* PlaySoundViewController.swift */,
				F525B74E1BDDCDEA0035BEEB /* AppDelegate.swift */,
				F561787A1BDF1C7300D75BEB /* RecordedAudio.swift */,
				F525B7501BDDCDEA0035BEEB /* RecordSounViewController.swift */,
				F525B7521BDDCDEA0035BEEB /* Main.storyboard */,
				F54B1F0F1BDE9E2C00FAC9F6 /* Images.xcassets */,
				F525B7701BDDD04F0035BEEB /* mic.png */,
				F525B76E1BDDCEB10035BEEB /* MIC-3.png */,
				F525B7571BDDCDEA0035BEEB /* LaunchScreen.xib */,
				F525B74C1BDDCDEA0035BEEB /* Supporting Files */,
			);
			path = Rec2;
			sourceTree = "<group>";
		};
		F525B74C1BDDCDEA0035BEEB /* Supporting Files */ = {
			isa = PBXGroup;
			children = (
				F56178781BDEC48900D75BEB /* Hole.aiff */,
				F525B74D1BDDCDEA0035BEEB /* Info.plist */,
			);
			name = "Supporting Files";
			sourceTree = "<group>";
		};
		F525B7611BDDCDEA0035BEEB /* Rec2Tests */ = {
			isa = PBXGroup;
			children = (
				F525B7641BDDCDEA0035BEEB /* Rec2Tests.swift */,
				F525B7621BDDCDEA0035BEEB /* Supporting Files */,
			);
			path = Rec2Tests;
			sourceTree = "<group>";
		};
		F525B7621BDDCDEA0035BEEB /* Supporting Files */ = {
			isa = PBXGroup;
			children = (
				F525B7631BDDCDEA0035BEEB /* Info.plist */,
			);
			name = "Supporting Files";
			sourceTree = "<group>";
		};
/* End PBXGroup section */

/* Begin PBXNativeTarget section */
		F525B7481BDDCDEA0035BEEB /* Rec2 */ = {
			isa = PBXNativeTarget;
			buildConfigurationList = F525B7681BDDCDEB0035BEEB /* Build configuration list for PBXNativeTarget "Rec2" */;
			buildPhases = (
				F525B7451BDDCDEA0035BEEB /* Sources */,
				F525B7461BDDCDEA0035BEEB /* Frameworks */,
				F525B7471BDDCDEA0035BEEB /* Resources */,
			);
			buildRules = (
			);
			dependencies = (
			);
			name = Rec2;
			productName = Rec2;
			productReference = F525B7491BDDCDEA0035BEEB /* Rec2.app */;
			productType = "com.apple.product-type.application";
		};
		F525B75D1BDDCDEA0035BEEB /* Rec2Tests */ = {
			isa = PBXNativeTarget;
			buildConfigurationList = F525B76B1BDDCDEB0035BEEB /* Build configuration list for PBXNativeTarget "Rec2Tests" */;
			buildPhases = (
				F525B75A1BDDCDEA0035BEEB /* Sources */,
				F525B75B1BDDCDEA0035BEEB /* Frameworks */,
				F525B75C1BDDCDEA0035BEEB /* Resources */,
			);
			buildRules = (
			);
			dependencies = (
				F525B7601BDDCDEA0035BEEB /* PBXTargetDependency */,
			);
			name = Rec2Tests;
			productName = Rec2Tests;
			productReference = F525B75E1BDDCDEA0035BEEB /* Rec2Tests.xctest */;
			productType = "com.apple.product-type.bundle.unit-test";
		};
/* End PBXNativeTarget section */

/* Begin PBXProject section */
		F525B7411BDDCDEA0035BEEB /* Project object */ = {
			isa = PBXProject;
			attributes = {
				LastSwiftMigration = 0710;
				LastSwiftUpdateCheck = 0710;
				LastUpgradeCheck = 0640;
				ORGANIZATIONNAME = Nylon;
				TargetAttributes = {
					F525B7481BDDCDEA0035BEEB = {
						CreatedOnToolsVersion = 6.4;
					};
					F525B75D1BDDCDEA0035BEEB = {
						CreatedOnToolsVersion = 6.4;
						TestTargetID = F525B7481BDDCDEA0035BEEB;
					};
				};
			};
			buildConfigurationList = F525B7441BDDCDEA0035BEEB /* Build configuration list for PBXProject "Rec2" */;
			compatibilityVersion = "Xcode 3.2";
			developmentRegion = English;
			hasScannedForEncodings = 0;
			knownRegions = (
				en,
				Base,
			);
			mainGroup = F525B7401BDDCDEA0035BEEB;
			productRefGroup = F525B74A1BDDCDEA0035BEEB /* Products */;
			projectDirPath = "";
			projectRoot = "";
			targets = (
				F525B7481BDDCDEA0035BEEB /* Rec2 */,
				F525B75D1BDDCDEA0035BEEB /* Rec2Tests */,
			);
		};
/* End PBXProject section */

/* Begin PBXResourcesBuildPhase section */
		F525B7471BDDCDEA0035BEEB /* Resources */ = {
			isa = PBXResourcesBuildPhase;
			buildActionMask = 2147483647;
			files = (
				F525B7541BDDCDEA0035BEEB /* Main.storyboard in Resources */,
				F54B1F101BDE9E2C00FAC9F6 /* Images.xcassets in Resources */,
				F525B7711BDDD04F0035BEEB /* mic.png in Resources */,
				F525B76F1BDDCEB10035BEEB /* MIC-3.png in Resources */,
				F56178791BDEC48900D75BEB /* Hole.aiff in Resources */,
				F525B7591BDDCDEA0035BEEB /* LaunchScreen.xib in Resources */,
			);
			runOnlyForDeploymentPostprocessing = 0;
		};
		F525B75C1BDDCDEA0035BEEB /* Resources */ = {
			isa = PBXResourcesBuildPhase;
			buildActionMask = 2147483647;
			files = (
			);
			runOnlyForDeploymentPostprocessing = 0;
		};
/* End PBXResourcesBuildPhase section */

/* Begin PBXSourcesBuildPhase section */
		F525B7451BDDCDEA0035BEEB /* Sources */ = {
			isa = PBXSourcesBuildPhase;
			buildActionMask = 2147483647;
			files = (
				F561787B1BDF1C7300D75BEB /* RecordedAudio.swift in Sources */,
				F525B7511BDDCDEA0035BEEB /* RecordSounViewController.swift in Sources */,
				F56178771BDEBFB100D75BEB /* PlaySoundViewController.swift in Sources */,
				F525B74F1BDDCDEA0035BEEB /* AppDelegate.swift in Sources */,
			);
			runOnlyForDeploymentPostprocessing = 0;
		};
		F525B75A1BDDCDEA0035BEEB /* Sources */ = {
			isa = PBXSourcesBuildPhase;
			buildActionMask = 2147483647;
			files = (
				F525B7651BDDCDEA0035BEEB /* Rec2Tests.swift in Sources */,
			);
			runOnlyForDeploymentPostprocessing = 0;
		};
/* End PBXSourcesBuildPhase section */

/* Begin PBXTargetDependency section */
		F525B7601BDDCDEA0035BEEB /* PBXTargetDependency */ = {
			isa = PBXTargetDependency;
			target = F525B7481BDDCDEA0035BEEB /* Rec2 */;
			targetProxy = F525B75F1BDDCDEA0035BEEB /* PBXContainerItemProxy */;
		};
/* End PBXTargetDependency section */

/* Begin PBXVariantGroup section */
		F525B7521BDDCDEA0035BEEB /* Main.storyboard */ = {
			isa = PBXVariantGroup;
			children = (
				F525B7531BDDCDEA0035BEEB /* Base */,
			);
			name = Main.storyboard;
			sourceTree = "<group>";
		};
		F525B7571BDDCDEA0035BEEB /* LaunchScreen.xib */ = {
			isa = PBXVariantGroup;
			children = (
				F525B7581BDDCDEA0035BEEB /* Base */,
			);
			name = LaunchScreen.xib;
			sourceTree = "<group>";
		};
/* End PBXVariantGroup section */

/* Begin XCBuildConfiguration section */
		F525B7661BDDCDEB0035BEEB /* Debug */ = {
			isa = XCBuildConfiguration;
			buildSettings = {
				ALWAYS_SEARCH_USER_PATHS = NO;
				CLANG_CXX_LANGUAGE_STANDARD = "gnu++0x";
				CLANG_CXX_LIBRARY = "libc++";
				CLANG_ENABLE_MODULES = YES;
				CLANG_ENABLE_OBJC_ARC = YES;
				CLANG_WARN_BOOL_CONVERSION = YES;
				CLANG_WARN_CONSTANT_CONVERSION = YES;
				CLANG_WARN_DIRECT_OBJC_ISA_USAGE = YES_ERROR;
				CLANG_WARN_EMPTY_BODY = YES;
				CLANG_WARN_ENUM_CONVERSION = YES;
				CLANG_WARN_INT_CONVERSION = YES;
				CLANG_WARN_OBJC_ROOT_CLASS = YES_ERROR;
				CLANG_WARN_UNREACHABLE_CODE = YES;
				CLANG_WARN__DUPLICATE_METHOD_MATCH = YES;
				"CODE_SIGN_IDENTITY[sdk=iphoneos*]" = "iPhone Developer";
				COPY_PHASE_STRIP = NO;
				DEBUG_INFORMATION_FORMAT = "dwarf-with-dsym";
				ENABLE_STRICT_OBJC_MSGSEND = YES;
				GCC_C_LANGUAGE_STANDARD = gnu99;
				GCC_DYNAMIC_NO_PIC = NO;
				GCC_NO_COMMON_BLOCKS = YES;
				GCC_OPTIMIZATION_LEVEL = 0;
				GCC_PREPROCESSOR_DEFINITIONS = (
					"DEBUG=1",
					"$(inherited)",
				);
				GCC_SYMBOLS_PRIVATE_EXTERN = NO;
				GCC_WARN_64_TO_32_BIT_CONVERSION = YES;
				GCC_WARN_ABOUT_RETURN_TYPE = YES_ERROR;
				GCC_WARN_UNDECLARED_SELECTOR = YES;
				GCC_WARN_UNINITIALIZED_AUTOS = YES_AGGRESSIVE;
				GCC_WARN_UNUSED_FUNCTION = YES;
				GCC_WARN_UNUSED_VARIABLE = YES;
				IPHONEOS_DEPLOYMENT_TARGET = 8.4;
				MTL_ENABLE_DEBUG_INFO = YES;
				ONLY_ACTIVE_ARCH = YES;
				SDKROOT = iphoneos;
				SWIFT_OPTIMIZATION_LEVEL = "-Onone";
				TARGETED_DEVICE_FAMILY = "1,2";
			};
			name = Debug;
		};
		F525B7671BDDCDEB0035BEEB /* Release */ = {
			isa = XCBuildConfiguration;
			buildSettings = {
				ALWAYS_SEARCH_USER_PATHS = NO;
				CLANG_CXX_LANGUAGE_STANDARD = "gnu++0x";
				CLANG_CXX_LIBRARY = "libc++";
				CLANG_ENABLE_MODULES = YES;
				CLANG_ENABLE_OBJC_ARC = YES;
				CLANG_WARN_BOOL_CONVERSION = YES;
				CLANG_WARN_CONSTANT_CONVERSION = YES;
				CLANG_WARN_DIRECT_OBJC_ISA_USAGE = YES_ERROR;
				CLANG_WARN_EMPTY_BODY = YES;
				CLANG_WARN_ENUM_CONVERSION = YES;
				CLANG_WARN_INT_CONVERSION = YES;
				CLANG_WARN_OBJC_ROOT_CLASS = YES_ERROR;
				CLANG_WARN_UNREACHABLE_CODE = YES;
				CLANG_WARN__DUPLICATE_METHOD_MATCH = YES;
				"CODE_SIGN_IDENTITY[sdk=iphoneos*]" = "iPhone Developer";
				COPY_PHASE_STRIP = NO;
				DEBUG_INFORMATION_FORMAT = "dwarf-with-dsym";
				ENABLE_NS_ASSERTIONS = NO;
				ENABLE_STRICT_OBJC_MSGSEND = YES;
				GCC_C_LANGUAGE_STANDARD = gnu99;
				GCC_NO_COMMON_BLOCKS = YES;
				GCC_WARN_64_TO_32_BIT_CONVERSION = YES;
				GCC_WARN_ABOUT_RETURN_TYPE = YES_ERROR;
				GCC_WARN_UNDECLARED_SELECTOR = YES;
				GCC_WARN_UNINITIALIZED_AUTOS = YES_AGGRESSIVE;
				GCC_WARN_UNUSED_FUNCTION = YES;
				GCC_WARN_UNUSED_VARIABLE = YES;
				IPHONEOS_DEPLOYMENT_TARGET = 8.4;
				MTL_ENABLE_DEBUG_INFO = NO;
				SDKROOT = iphoneos;
				TARGETED_DEVICE_FAMILY = "1,2";
				VALIDATE_PRODUCT = YES;
			};
			name = Release;
		};
		F525B7691BDDCDEB0035BEEB /* Debug */ = {
			isa = XCBuildConfiguration;
			buildSettings = {
				ASSETCATALOG_COMPILER_APPICON_NAME = AppIcon;
				INFOPLIST_FILE = Rec2/Info.plist;
				LD_RUNPATH_SEARCH_PATHS = "$(inherited) @executable_path/Frameworks";
				PRODUCT_NAME = "$(TARGET_NAME)";
			};
			name = Debug;
		};
		F525B76A1BDDCDEB0035BEEB /* Release */ = {
			isa = XCBuildConfiguration;
			buildSettings = {
				ASSETCATALOG_COMPILER_APPICON_NAME = AppIcon;
				INFOPLIST_FILE = Rec2/Info.plist;
				LD_RUNPATH_SEARCH_PATHS = "$(inherited) @executable_path/Frameworks";
				PRODUCT_NAME = "$(TARGET_NAME)";
			};
			name = Release;
		};
		F525B76C1BDDCDEB0035BEEB /* Debug */ = {
			isa = XCBuildConfiguration;
			buildSettings = {
				BUNDLE_LOADER = "$(TEST_HOST)";
				FRAMEWORK_SEARCH_PATHS = (
					"$(SDKROOT)/Developer/Library/Frameworks",
					"$(inherited)",
				);
				GCC_PREPROCESSOR_DEFINITIONS = (
					"DEBUG=1",
					"$(inherited)",
				);
				INFOPLIST_FILE = Rec2Tests/Info.plist;
				LD_RUNPATH_SEARCH_PATHS = "$(inherited) @executable_path/Frameworks @loader_path/Frameworks";
				PRODUCT_NAME = "$(TARGET_NAME)";
				TEST_HOST = "$(BUILT_PRODUCTS_DIR)/Rec2.app/Rec2";
			};
			name = Debug;
		};
		F525B76D1BDDCDEB0035BEEB /* Release */ = {
			isa = XCBuildConfiguration;
			buildSettings = {
				BUNDLE_LOADER = "$(TEST_HOST)";
				FRAMEWORK_SEARCH_PATHS = (
					"$(SDKROOT)/Developer/Library/Frameworks",
					"$(inherited)",
				);
				INFOPLIST_FILE = Rec2Tests/Info.plist;
				LD_RUNPATH_SEARCH_PATHS = "$(inherited) @executable_path/Frameworks @loader_path/Frameworks";
				PRODUCT_NAME = "$(TARGET_NAME)";
				TEST_HOST = "$(BUILT_PRODUCTS_DIR)/Rec2.app/Rec2";
			};
			name = Release;
		};
/* End XCBuildConfiguration section */

/* Begin XCConfigurationList section */
		F525B7441BDDCDEA0035BEEB /* Build configuration list for PBXProject "Rec2" */ = {
			isa = XCConfigurationList;
			buildConfigurations = (
				F525B7661BDDCDEB0035BEEB /* Debug */,
				F525B7671BDDCDEB0035BEEB /* Release */,
			);
			defaultConfigurationIsVisible = 0;
			defaultConfigurationName = Release;
		};
		F525B7681BDDCDEB0035BEEB /* Build configuration list for PBXNativeTarget "Rec2" */ = {
			isa = XCConfigurationList;
			buildConfigurations = (
				F525B7691BDDCDEB0035BEEB /* Debug */,
				F525B76A1BDDCDEB0035BEEB /* Release */,
			);
			defaultConfigurationIsVisible = 0;
			defaultConfigurationName = Release;
		};
		F525B76B1BDDCDEB0035BEEB /* Build configuration list for PBXNativeTarget "Rec2Tests" */ = {
			isa = XCConfigurationList;
			buildConfigurations = (
				F525B76C1BDDCDEB0035BEEB /* Debug */,
				F525B76D1BDDCDEB0035BEEB /* Release */,
			);
			defaultConfigurationIsVisible = 0;
			defaultConfigurationName = Release;
		};
/* End XCConfigurationList section */
	};
	rootObject = F525B7411BDDCDEA0035BEEB /* Project object */;
}
